// !$*UTF8*$!
{
	archiveVersion = 1;
	classes = {
	};
	objectVersion = 56;
	objects = {

/* Begin PBXBuildFile section */
		98317CB52D2B219900322D04 /* BugTracking_TaskApp.swift in Sources */ = {isa = PBXBuildFile; fileRef = 98317CB42D2B219900322D04 /* BugTracking_TaskApp.swift */; };
		98317CB72D2B219900322D04 /* GoogleSignInView.swift in Sources */ = {isa = PBXBuildFile; fileRef = 98317CB62D2B219900322D04 /* GoogleSignInView.swift */; };
		98317CB92D2B219A00322D04 /* Assets.xcassets in Resources */ = {isa = PBXBuildFile; fileRef = 98317CB82D2B219A00322D04 /* Assets.xcassets */; };
		98317CBC2D2B219A00322D04 /* Preview Assets.xcassets in Resources */ = {isa = PBXBuildFile; fileRef = 98317CBB2D2B219A00322D04 /* Preview Assets.xcassets */; };
		98317CC62D2B219A00322D04 /* BugTracking_TaskTests.swift in Sources */ = {isa = PBXBuildFile; fileRef = 98317CC52D2B219A00322D04 /* BugTracking_TaskTests.swift */; };
		98317CD02D2B219A00322D04 /* BugTracking_TaskUITests.swift in Sources */ = {isa = PBXBuildFile; fileRef = 98317CCF2D2B219A00322D04 /* BugTracking_TaskUITests.swift */; };
		98317CD22D2B219A00322D04 /* BugTracking_TaskUITestsLaunchTests.swift in Sources */ = {isa = PBXBuildFile; fileRef = 98317CD12D2B219A00322D04 /* BugTracking_TaskUITestsLaunchTests.swift */; };
		9885A2042D2B4A8A006D4AD9 /* GoogleSignIn in Frameworks */ = {isa = PBXBuildFile; productRef = 9885A2032D2B4A8A006D4AD9 /* GoogleSignIn */; };
		9885A2062D2B4A8A006D4AD9 /* GoogleSignInSwift in Frameworks */ = {isa = PBXBuildFile; productRef = 9885A2052D2B4A8A006D4AD9 /* GoogleSignInSwift */; };
		9885A2082D2B4B46006D4AD9 /* AppDelegate.swift in Sources */ = {isa = PBXBuildFile; fileRef = 9885A2072D2B4B46006D4AD9 /* AppDelegate.swift */; };
		9885A20A2D2B4BC6006D4AD9 /* UserDefaultManager.swift in Sources */ = {isa = PBXBuildFile; fileRef = 9885A2092D2B4BC6006D4AD9 /* UserDefaultManager.swift */; };
		9885A20C2D2B4E0A006D4AD9 /* Constants.swift in Sources */ = {isa = PBXBuildFile; fileRef = 9885A20B2D2B4E0A006D4AD9 /* Constants.swift */; };
		9885A2112D2B52BF006D4AD9 /* GoogleSignInService.swift in Sources */ = {isa = PBXBuildFile; fileRef = 9885A2102D2B52BF006D4AD9 /* GoogleSignInService.swift */; };
		9885A2132D2B52FE006D4AD9 /* GoogleUserEntity.swift in Sources */ = {isa = PBXBuildFile; fileRef = 9885A2122D2B52FE006D4AD9 /* GoogleUserEntity.swift */; };
		9885A2152D2B534B006D4AD9 /* GoogleSignInServiceProtocol.swift in Sources */ = {isa = PBXBuildFile; fileRef = 9885A2142D2B534B006D4AD9 /* GoogleSignInServiceProtocol.swift */; };
		9885A2172D2B54BF006D4AD9 /* GoogleSignInUseCase.swift in Sources */ = {isa = PBXBuildFile; fileRef = 9885A2162D2B54BF006D4AD9 /* GoogleSignInUseCase.swift */; };
		9885A2192D2B54EE006D4AD9 /* UseCase+Contract.swift in Sources */ = {isa = PBXBuildFile; fileRef = 9885A2182D2B54EE006D4AD9 /* UseCase+Contract.swift */; };
		9885A21B2D2B55E5006D4AD9 /* GoogleSignInRepository.swift in Sources */ = {isa = PBXBuildFile; fileRef = 9885A21A2D2B55E5006D4AD9 /* GoogleSignInRepository.swift */; };
		9885A21E2D2B5A83006D4AD9 /* GoogleSignInViewModel.swift in Sources */ = {isa = PBXBuildFile; fileRef = 9885A21D2D2B5A83006D4AD9 /* GoogleSignInViewModel.swift */; };
		9885A2202D2B5E12006D4AD9 /* DependencyManager.swift in Sources */ = {isa = PBXBuildFile; fileRef = 9885A21F2D2B5E12006D4AD9 /* DependencyManager.swift */; };
		9885A2222D2B6417006D4AD9 /* UIKitPresentationProvider.swift in Sources */ = {isa = PBXBuildFile; fileRef = 9885A2212D2B6417006D4AD9 /* UIKitPresentationProvider.swift */; };
		9885A2252D2B6D1B006D4AD9 /* CreateBugView.swift in Sources */ = {isa = PBXBuildFile; fileRef = 9885A2242D2B6D1B006D4AD9 /* CreateBugView.swift */; };
		9885A2272D2BEB7C006D4AD9 /* ImagePicker.swift in Sources */ = {isa = PBXBuildFile; fileRef = 9885A2262D2BEB7C006D4AD9 /* ImagePicker.swift */; };
		9885A2292D2BF1A2006D4AD9 /* HttpMethods.swift in Sources */ = {isa = PBXBuildFile; fileRef = 9885A2282D2BF1A2006D4AD9 /* HttpMethods.swift */; };
		9885A22B2D2BF1E1006D4AD9 /* EndPoint.swift in Sources */ = {isa = PBXBuildFile; fileRef = 9885A22A2D2BF1E1006D4AD9 /* EndPoint.swift */; };
		9885A22D2D2BF24C006D4AD9 /* HttpClient.swift in Sources */ = {isa = PBXBuildFile; fileRef = 9885A22C2D2BF24C006D4AD9 /* HttpClient.swift */; };
		9885A22F2D2BF283006D4AD9 /* RequestError.swift in Sources */ = {isa = PBXBuildFile; fileRef = 9885A22E2D2BF283006D4AD9 /* RequestError.swift */; };
		9885A2312D2C1B87006D4AD9 /* ImgurResponse.swift in Sources */ = {isa = PBXBuildFile; fileRef = 9885A2302D2C1B87006D4AD9 /* ImgurResponse.swift */; };
		9885A2332D2C241D006D4AD9 /* ImgurRepository.swift in Sources */ = {isa = PBXBuildFile; fileRef = 9885A2322D2C241D006D4AD9 /* ImgurRepository.swift */; };
		9885A2352D2C2455006D4AD9 /* ImageRepositoryProtocol.swift in Sources */ = {isa = PBXBuildFile; fileRef = 9885A2342D2C2455006D4AD9 /* ImageRepositoryProtocol.swift */; };
		9885A2372D2C24E7006D4AD9 /* ImgurUploadEndpoint.swift in Sources */ = {isa = PBXBuildFile; fileRef = 9885A2362D2C24E7006D4AD9 /* ImgurUploadEndpoint.swift */; };
		9885A2392D2C2581006D4AD9 /* UploadImageUseCase.swift in Sources */ = {isa = PBXBuildFile; fileRef = 9885A2382D2C2581006D4AD9 /* UploadImageUseCase.swift */; };
		9885A23B2D2C31EB006D4AD9 /* CreateBugViewModel.swift in Sources */ = {isa = PBXBuildFile; fileRef = 9885A23A2D2C31EB006D4AD9 /* CreateBugViewModel.swift */; };
		9885A23D2D2C4AE1006D4AD9 /* GoogleSheetsEndPoint.swift in Sources */ = {isa = PBXBuildFile; fileRef = 9885A23C2D2C4AE1006D4AD9 /* GoogleSheetsEndPoint.swift */; };
		9885A23F2D2C4CB4006D4AD9 /* GoogleSheetsModels.swift in Sources */ = {isa = PBXBuildFile; fileRef = 9885A23E2D2C4CB4006D4AD9 /* GoogleSheetsModels.swift */; };
		9885A2412D2C4D27006D4AD9 /* Extension+Encodable.swift in Sources */ = {isa = PBXBuildFile; fileRef = 9885A2402D2C4D27006D4AD9 /* Extension+Encodable.swift */; };
		9885A2462D2C5870006D4AD9 /* GoogleSheetsRepository.swift in Sources */ = {isa = PBXBuildFile; fileRef = 9885A2452D2C5870006D4AD9 /* GoogleSheetsRepository.swift */; };
		9885A2482D2C5885006D4AD9 /* GoogleSheetsRepositoryProtocol.swift in Sources */ = {isa = PBXBuildFile; fileRef = 9885A2472D2C5885006D4AD9 /* GoogleSheetsRepositoryProtocol.swift */; };
		9885A24A2D2C5C8A006D4AD9 /* UploadBugDataUseCase.swift in Sources */ = {isa = PBXBuildFile; fileRef = 9885A2492D2C5C8A006D4AD9 /* UploadBugDataUseCase.swift */; };
/* End PBXBuildFile section */

/* Begin PBXContainerItemProxy section */
		98317CC22D2B219A00322D04 /* PBXContainerItemProxy */ = {
			isa = PBXContainerItemProxy;
			containerPortal = 98317CA92D2B219900322D04 /* Project object */;
			proxyType = 1;
			remoteGlobalIDString = 98317CB02D2B219900322D04;
			remoteInfo = "BugTracking-Task";
		};
		98317CCC2D2B219A00322D04 /* PBXContainerItemProxy */ = {
			isa = PBXContainerItemProxy;
			containerPortal = 98317CA92D2B219900322D04 /* Project object */;
			proxyType = 1;
			remoteGlobalIDString = 98317CB02D2B219900322D04;
			remoteInfo = "BugTracking-Task";
		};
/* End PBXContainerItemProxy section */

/* Begin PBXFileReference section */
		98317CB12D2B219900322D04 /* BugTracking-Task.app */ = {isa = PBXFileReference; explicitFileType = wrapper.application; includeInIndex = 0; path = "BugTracking-Task.app"; sourceTree = BUILT_PRODUCTS_DIR; };
		98317CB42D2B219900322D04 /* BugTracking_TaskApp.swift */ = {isa = PBXFileReference; lastKnownFileType = sourcecode.swift; path = BugTracking_TaskApp.swift; sourceTree = "<group>"; };
		98317CB62D2B219900322D04 /* GoogleSignInView.swift */ = {isa = PBXFileReference; lastKnownFileType = sourcecode.swift; path = GoogleSignInView.swift; sourceTree = "<group>"; };
		98317CB82D2B219A00322D04 /* Assets.xcassets */ = {isa = PBXFileReference; lastKnownFileType = folder.assetcatalog; path = Assets.xcassets; sourceTree = "<group>"; };
		98317CBB2D2B219A00322D04 /* Preview Assets.xcassets */ = {isa = PBXFileReference; lastKnownFileType = folder.assetcatalog; path = "Preview Assets.xcassets"; sourceTree = "<group>"; };
		98317CC12D2B219A00322D04 /* BugTracking-TaskTests.xctest */ = {isa = PBXFileReference; explicitFileType = wrapper.cfbundle; includeInIndex = 0; path = "BugTracking-TaskTests.xctest"; sourceTree = BUILT_PRODUCTS_DIR; };
		98317CC52D2B219A00322D04 /* BugTracking_TaskTests.swift */ = {isa = PBXFileReference; lastKnownFileType = sourcecode.swift; path = BugTracking_TaskTests.swift; sourceTree = "<group>"; };
		98317CCB2D2B219A00322D04 /* BugTracking-TaskUITests.xctest */ = {isa = PBXFileReference; explicitFileType = wrapper.cfbundle; includeInIndex = 0; path = "BugTracking-TaskUITests.xctest"; sourceTree = BUILT_PRODUCTS_DIR; };
		98317CCF2D2B219A00322D04 /* BugTracking_TaskUITests.swift */ = {isa = PBXFileReference; lastKnownFileType = sourcecode.swift; path = BugTracking_TaskUITests.swift; sourceTree = "<group>"; };
		98317CD12D2B219A00322D04 /* BugTracking_TaskUITestsLaunchTests.swift */ = {isa = PBXFileReference; lastKnownFileType = sourcecode.swift; path = BugTracking_TaskUITestsLaunchTests.swift; sourceTree = "<group>"; };
		9885A2012D2B4A1C006D4AD9 /* Info.plist */ = {isa = PBXFileReference; lastKnownFileType = text.plist; path = Info.plist; sourceTree = "<group>"; };
		9885A2072D2B4B46006D4AD9 /* AppDelegate.swift */ = {isa = PBXFileReference; lastKnownFileType = sourcecode.swift; path = AppDelegate.swift; sourceTree = "<group>"; };
		9885A2092D2B4BC6006D4AD9 /* UserDefaultManager.swift */ = {isa = PBXFileReference; lastKnownFileType = sourcecode.swift; path = UserDefaultManager.swift; sourceTree = "<group>"; };
		9885A20B2D2B4E0A006D4AD9 /* Constants.swift */ = {isa = PBXFileReference; lastKnownFileType = sourcecode.swift; path = Constants.swift; sourceTree = "<group>"; };
		9885A2102D2B52BF006D4AD9 /* GoogleSignInService.swift */ = {isa = PBXFileReference; lastKnownFileType = sourcecode.swift; path = GoogleSignInService.swift; sourceTree = "<group>"; };
		9885A2122D2B52FE006D4AD9 /* GoogleUserEntity.swift */ = {isa = PBXFileReference; lastKnownFileType = sourcecode.swift; path = GoogleUserEntity.swift; sourceTree = "<group>"; };
		9885A2142D2B534B006D4AD9 /* GoogleSignInServiceProtocol.swift */ = {isa = PBXFileReference; lastKnownFileType = sourcecode.swift; path = GoogleSignInServiceProtocol.swift; sourceTree = "<group>"; };
		9885A2162D2B54BF006D4AD9 /* GoogleSignInUseCase.swift */ = {isa = PBXFileReference; lastKnownFileType = sourcecode.swift; path = GoogleSignInUseCase.swift; sourceTree = "<group>"; };
		9885A2182D2B54EE006D4AD9 /* UseCase+Contract.swift */ = {isa = PBXFileReference; lastKnownFileType = sourcecode.swift; path = "UseCase+Contract.swift"; sourceTree = "<group>"; };
		9885A21A2D2B55E5006D4AD9 /* GoogleSignInRepository.swift */ = {isa = PBXFileReference; lastKnownFileType = sourcecode.swift; path = GoogleSignInRepository.swift; sourceTree = "<group>"; };
		9885A21D2D2B5A83006D4AD9 /* GoogleSignInViewModel.swift */ = {isa = PBXFileReference; lastKnownFileType = sourcecode.swift; path = GoogleSignInViewModel.swift; sourceTree = "<group>"; };
		9885A21F2D2B5E12006D4AD9 /* DependencyManager.swift */ = {isa = PBXFileReference; lastKnownFileType = sourcecode.swift; path = DependencyManager.swift; sourceTree = "<group>"; };
		9885A2212D2B6417006D4AD9 /* UIKitPresentationProvider.swift */ = {isa = PBXFileReference; lastKnownFileType = sourcecode.swift; path = UIKitPresentationProvider.swift; sourceTree = "<group>"; };
		9885A2242D2B6D1B006D4AD9 /* CreateBugView.swift */ = {isa = PBXFileReference; lastKnownFileType = sourcecode.swift; path = CreateBugView.swift; sourceTree = "<group>"; };
		9885A2262D2BEB7C006D4AD9 /* ImagePicker.swift */ = {isa = PBXFileReference; lastKnownFileType = sourcecode.swift; path = ImagePicker.swift; sourceTree = "<group>"; };
		9885A2282D2BF1A2006D4AD9 /* HttpMethods.swift */ = {isa = PBXFileReference; lastKnownFileType = sourcecode.swift; path = HttpMethods.swift; sourceTree = "<group>"; };
		9885A22A2D2BF1E1006D4AD9 /* EndPoint.swift */ = {isa = PBXFileReference; lastKnownFileType = sourcecode.swift; path = EndPoint.swift; sourceTree = "<group>"; };
		9885A22C2D2BF24C006D4AD9 /* HttpClient.swift */ = {isa = PBXFileReference; lastKnownFileType = sourcecode.swift; path = HttpClient.swift; sourceTree = "<group>"; };
		9885A22E2D2BF283006D4AD9 /* RequestError.swift */ = {isa = PBXFileReference; lastKnownFileType = sourcecode.swift; path = RequestError.swift; sourceTree = "<group>"; };
		9885A2302D2C1B87006D4AD9 /* ImgurResponse.swift */ = {isa = PBXFileReference; lastKnownFileType = sourcecode.swift; path = ImgurResponse.swift; sourceTree = "<group>"; };
		9885A2322D2C241D006D4AD9 /* ImgurRepository.swift */ = {isa = PBXFileReference; lastKnownFileType = sourcecode.swift; path = ImgurRepository.swift; sourceTree = "<group>"; };
		9885A2342D2C2455006D4AD9 /* ImageRepositoryProtocol.swift */ = {isa = PBXFileReference; lastKnownFileType = sourcecode.swift; path = ImageRepositoryProtocol.swift; sourceTree = "<group>"; };
		9885A2362D2C24E7006D4AD9 /* ImgurUploadEndpoint.swift */ = {isa = PBXFileReference; lastKnownFileType = sourcecode.swift; path = ImgurUploadEndpoint.swift; sourceTree = "<group>"; };
		9885A2382D2C2581006D4AD9 /* UploadImageUseCase.swift */ = {isa = PBXFileReference; lastKnownFileType = sourcecode.swift; path = UploadImageUseCase.swift; sourceTree = "<group>"; };
		9885A23A2D2C31EB006D4AD9 /* CreateBugViewModel.swift */ = {isa = PBXFileReference; lastKnownFileType = sourcecode.swift; path = CreateBugViewModel.swift; sourceTree = "<group>"; };
		9885A23C2D2C4AE1006D4AD9 /* GoogleSheetsEndPoint.swift */ = {isa = PBXFileReference; lastKnownFileType = sourcecode.swift; path = GoogleSheetsEndPoint.swift; sourceTree = "<group>"; };
		9885A23E2D2C4CB4006D4AD9 /* GoogleSheetsModels.swift */ = {isa = PBXFileReference; lastKnownFileType = sourcecode.swift; path = GoogleSheetsModels.swift; sourceTree = "<group>"; };
		9885A2402D2C4D27006D4AD9 /* Extension+Encodable.swift */ = {isa = PBXFileReference; lastKnownFileType = sourcecode.swift; path = "Extension+Encodable.swift"; sourceTree = "<group>"; };
		9885A2452D2C5870006D4AD9 /* GoogleSheetsRepository.swift */ = {isa = PBXFileReference; lastKnownFileType = sourcecode.swift; path = GoogleSheetsRepository.swift; sourceTree = "<group>"; };
		9885A2472D2C5885006D4AD9 /* GoogleSheetsRepositoryProtocol.swift */ = {isa = PBXFileReference; lastKnownFileType = sourcecode.swift; path = GoogleSheetsRepositoryProtocol.swift; sourceTree = "<group>"; };
		9885A2492D2C5C8A006D4AD9 /* UploadBugDataUseCase.swift */ = {isa = PBXFileReference; lastKnownFileType = sourcecode.swift; path = UploadBugDataUseCase.swift; sourceTree = "<group>"; };
/* End PBXFileReference section */

/* Begin PBXFrameworksBuildPhase section */
		98317CAE2D2B219900322D04 /* Frameworks */ = {
			isa = PBXFrameworksBuildPhase;
			buildActionMask = 2147483647;
			files = (
				9885A2042D2B4A8A006D4AD9 /* GoogleSignIn in Frameworks */,
				9885A2062D2B4A8A006D4AD9 /* GoogleSignInSwift in Frameworks */,
			);
			runOnlyForDeploymentPostprocessing = 0;
		};
		98317CBE2D2B219A00322D04 /* Frameworks */ = {
			isa = PBXFrameworksBuildPhase;
			buildActionMask = 2147483647;
			files = (
			);
			runOnlyForDeploymentPostprocessing = 0;
		};
		98317CC82D2B219A00322D04 /* Frameworks */ = {
			isa = PBXFrameworksBuildPhase;
			buildActionMask = 2147483647;
			files = (
			);
			runOnlyForDeploymentPostprocessing = 0;
		};
/* End PBXFrameworksBuildPhase section */

/* Begin PBXGroup section */
		98317CA82D2B219900322D04 = {
			isa = PBXGroup;
			children = (
				98317CB32D2B219900322D04 /* BugTracking-Task */,
				98317CC42D2B219A00322D04 /* BugTracking-TaskTests */,
				98317CCE2D2B219A00322D04 /* BugTracking-TaskUITests */,
				98317CB22D2B219900322D04 /* Products */,
			);
			sourceTree = "<group>";
		};
		98317CB22D2B219900322D04 /* Products */ = {
			isa = PBXGroup;
			children = (
				98317CB12D2B219900322D04 /* BugTracking-Task.app */,
				98317CC12D2B219A00322D04 /* BugTracking-TaskTests.xctest */,
				98317CCB2D2B219A00322D04 /* BugTracking-TaskUITests.xctest */,
			);
			name = Products;
			sourceTree = "<group>";
		};
		98317CB32D2B219900322D04 /* BugTracking-Task */ = {
			isa = PBXGroup;
			children = (
				9885A2012D2B4A1C006D4AD9 /* Info.plist */,
				98317CE32D2B429300322D04 /* App */,
				98317CE92D2B437400322D04 /* Resources */,
				98317CE42D2B42CB00322D04 /* InfraStructure */,
				9885A20D2D2B4F54006D4AD9 /* Scenes */,
				98317CEA2D2B43AA00322D04 /* Core */,
				98317CBA2D2B219A00322D04 /* Preview Content */,
			);
			path = "BugTracking-Task";
			sourceTree = "<group>";
		};
		98317CBA2D2B219A00322D04 /* Preview Content */ = {
			isa = PBXGroup;
			children = (
				98317CBB2D2B219A00322D04 /* Preview Assets.xcassets */,
			);
			path = "Preview Content";
			sourceTree = "<group>";
		};
		98317CC42D2B219A00322D04 /* BugTracking-TaskTests */ = {
			isa = PBXGroup;
			children = (
				98317CC52D2B219A00322D04 /* BugTracking_TaskTests.swift */,
			);
			path = "BugTracking-TaskTests";
			sourceTree = "<group>";
		};
		98317CCE2D2B219A00322D04 /* BugTracking-TaskUITests */ = {
			isa = PBXGroup;
			children = (
				98317CCF2D2B219A00322D04 /* BugTracking_TaskUITests.swift */,
				98317CD12D2B219A00322D04 /* BugTracking_TaskUITestsLaunchTests.swift */,
			);
			path = "BugTracking-TaskUITests";
			sourceTree = "<group>";
		};
		98317CE32D2B429300322D04 /* App */ = {
			isa = PBXGroup;
			children = (
				98317CB42D2B219900322D04 /* BugTracking_TaskApp.swift */,
				9885A2072D2B4B46006D4AD9 /* AppDelegate.swift */,
			);
			path = App;
			sourceTree = "<group>";
		};
		98317CE42D2B42CB00322D04 /* InfraStructure */ = {
			isa = PBXGroup;
			children = (
				98317CE52D2B431100322D04 /* Utilities */,
				98317CE62D2B432100322D04 /* DependencyManager */,
				98317CE72D2B434200322D04 /* Network */,
				98317CE82D2B434E00322D04 /* AppErrors */,
			);
			path = InfraStructure;
			sourceTree = "<group>";
		};
		98317CE52D2B431100322D04 /* Utilities */ = {
			isa = PBXGroup;
			children = (
				9885A2092D2B4BC6006D4AD9 /* UserDefaultManager.swift */,
				9885A20B2D2B4E0A006D4AD9 /* Constants.swift */,
				9885A2212D2B6417006D4AD9 /* UIKitPresentationProvider.swift */,
				9885A2262D2BEB7C006D4AD9 /* ImagePicker.swift */,
				9885A2402D2C4D27006D4AD9 /* Extension+Encodable.swift */,
			);
			path = Utilities;
			sourceTree = "<group>";
		};
		98317CE62D2B432100322D04 /* DependencyManager */ = {
			isa = PBXGroup;
			children = (
				9885A21F2D2B5E12006D4AD9 /* DependencyManager.swift */,
			);
			path = DependencyManager;
			sourceTree = "<group>";
		};
		98317CE72D2B434200322D04 /* Network */ = {
			isa = PBXGroup;
			children = (
				9885A2282D2BF1A2006D4AD9 /* HttpMethods.swift */,
				9885A22A2D2BF1E1006D4AD9 /* EndPoint.swift */,
				9885A22C2D2BF24C006D4AD9 /* HttpClient.swift */,
			);
			path = Network;
			sourceTree = "<group>";
		};
		98317CE82D2B434E00322D04 /* AppErrors */ = {
			isa = PBXGroup;
			children = (
				9885A22E2D2BF283006D4AD9 /* RequestError.swift */,
			);
			path = AppErrors;
			sourceTree = "<group>";
		};
		98317CE92D2B437400322D04 /* Resources */ = {
			isa = PBXGroup;
			children = (
				98317CB82D2B219A00322D04 /* Assets.xcassets */,
			);
			path = Resources;
			sourceTree = "<group>";
		};
		98317CEA2D2B43AA00322D04 /* Core */ = {
			isa = PBXGroup;
			children = (
				98317CEB2D2B43B400322D04 /* Dommain */,
				98317CEC2D2B43BA00322D04 /* Data */,
			);
			path = Core;
			sourceTree = "<group>";
		};
		98317CEB2D2B43B400322D04 /* Dommain */ = {
			isa = PBXGroup;
			children = (
				98317CED2D2B43D800322D04 /* UseCases */,
				98317CEE2D2B43E100322D04 /* Entities */,
				98317CEF2D2B43EC00322D04 /* Repositories+Contract */,
			);
			path = Dommain;
			sourceTree = "<group>";
		};
		98317CEC2D2B43BA00322D04 /* Data */ = {
			isa = PBXGroup;
			children = (
				98317CF02D2B442800322D04 /* Repository */,
				98317CF12D2B443100322D04 /* Network */,
				98317CF22D2B443C00322D04 /* Models */,
			);
			path = Data;
			sourceTree = "<group>";
		};
		98317CED2D2B43D800322D04 /* UseCases */ = {
			isa = PBXGroup;
			children = (
				9885A2182D2B54EE006D4AD9 /* UseCase+Contract.swift */,
				9885A2162D2B54BF006D4AD9 /* GoogleSignInUseCase.swift */,
				9885A2382D2C2581006D4AD9 /* UploadImageUseCase.swift */,
				9885A2492D2C5C8A006D4AD9 /* UploadBugDataUseCase.swift */,
			);
			path = UseCases;
			sourceTree = "<group>";
		};
		98317CEE2D2B43E100322D04 /* Entities */ = {
			isa = PBXGroup;
			children = (
				9885A2122D2B52FE006D4AD9 /* GoogleUserEntity.swift */,
			);
			path = Entities;
			sourceTree = "<group>";
		};
		98317CEF2D2B43EC00322D04 /* Repositories+Contract */ = {
			isa = PBXGroup;
			children = (
				9885A2142D2B534B006D4AD9 /* GoogleSignInServiceProtocol.swift */,
				9885A2342D2C2455006D4AD9 /* ImageRepositoryProtocol.swift */,
				9885A2472D2C5885006D4AD9 /* GoogleSheetsRepositoryProtocol.swift */,
			);
			path = "Repositories+Contract";
			sourceTree = "<group>";
		};
		98317CF02D2B442800322D04 /* Repository */ = {
			isa = PBXGroup;
			children = (
				9885A21A2D2B55E5006D4AD9 /* GoogleSignInRepository.swift */,
				9885A2322D2C241D006D4AD9 /* ImgurRepository.swift */,
				9885A2452D2C5870006D4AD9 /* GoogleSheetsRepository.swift */,
			);
			path = Repository;
			sourceTree = "<group>";
		};
		98317CF12D2B443100322D04 /* Network */ = {
			isa = PBXGroup;
			children = (
				9885A2102D2B52BF006D4AD9 /* GoogleSignInService.swift */,
				9885A2362D2C24E7006D4AD9 /* ImgurUploadEndpoint.swift */,
				9885A23C2D2C4AE1006D4AD9 /* GoogleSheetsEndPoint.swift */,
			);
			path = Network;
			sourceTree = "<group>";
		};
		98317CF22D2B443C00322D04 /* Models */ = {
			isa = PBXGroup;
			children = (
				9885A2302D2C1B87006D4AD9 /* ImgurResponse.swift */,
				9885A23E2D2C4CB4006D4AD9 /* GoogleSheetsModels.swift */,
			);
			path = Models;
			sourceTree = "<group>";
		};
		9885A20D2D2B4F54006D4AD9 /* Scenes */ = {
			isa = PBXGroup;
			children = (
				9885A2232D2B6CFE006D4AD9 /* CreateBugView */,
				9885A21C2D2B5A62006D4AD9 /* GoogleSignInView */,
			);
			path = Scenes;
			sourceTree = "<group>";
		};
		9885A21C2D2B5A62006D4AD9 /* GoogleSignInView */ = {
			isa = PBXGroup;
			children = (
				98317CB62D2B219900322D04 /* GoogleSignInView.swift */,
				9885A21D2D2B5A83006D4AD9 /* GoogleSignInViewModel.swift */,
			);
			path = GoogleSignInView;
			sourceTree = "<group>";
		};
		9885A2232D2B6CFE006D4AD9 /* CreateBugView */ = {
			isa = PBXGroup;
			children = (
				9885A2242D2B6D1B006D4AD9 /* CreateBugView.swift */,
				9885A23A2D2C31EB006D4AD9 /* CreateBugViewModel.swift */,
			);
			path = CreateBugView;
			sourceTree = "<group>";
		};
/* End PBXGroup section */

/* Begin PBXNativeTarget section */
		98317CB02D2B219900322D04 /* BugTracking-Task */ = {
			isa = PBXNativeTarget;
			buildConfigurationList = 98317CD52D2B219A00322D04 /* Build configuration list for PBXNativeTarget "BugTracking-Task" */;
			buildPhases = (
				98317CAD2D2B219900322D04 /* Sources */,
				98317CAE2D2B219900322D04 /* Frameworks */,
				98317CAF2D2B219900322D04 /* Resources */,
			);
			buildRules = (
			);
			dependencies = (
			);
			name = "BugTracking-Task";
			packageProductDependencies = (
				9885A2032D2B4A8A006D4AD9 /* GoogleSignIn */,
				9885A2052D2B4A8A006D4AD9 /* GoogleSignInSwift */,
			);
			productName = "BugTracking-Task";
			productReference = 98317CB12D2B219900322D04 /* BugTracking-Task.app */;
			productType = "com.apple.product-type.application";
		};
		98317CC02D2B219A00322D04 /* BugTracking-TaskTests */ = {
			isa = PBXNativeTarget;
			buildConfigurationList = 98317CD82D2B219A00322D04 /* Build configuration list for PBXNativeTarget "BugTracking-TaskTests" */;
			buildPhases = (
				98317CBD2D2B219A00322D04 /* Sources */,
				98317CBE2D2B219A00322D04 /* Frameworks */,
				98317CBF2D2B219A00322D04 /* Resources */,
			);
			buildRules = (
			);
			dependencies = (
				98317CC32D2B219A00322D04 /* PBXTargetDependency */,
			);
			name = "BugTracking-TaskTests";
			productName = "BugTracking-TaskTests";
			productReference = 98317CC12D2B219A00322D04 /* BugTracking-TaskTests.xctest */;
			productType = "com.apple.product-type.bundle.unit-test";
		};
		98317CCA2D2B219A00322D04 /* BugTracking-TaskUITests */ = {
			isa = PBXNativeTarget;
			buildConfigurationList = 98317CDB2D2B219A00322D04 /* Build configuration list for PBXNativeTarget "BugTracking-TaskUITests" */;
			buildPhases = (
				98317CC72D2B219A00322D04 /* Sources */,
				98317CC82D2B219A00322D04 /* Frameworks */,
				98317CC92D2B219A00322D04 /* Resources */,
			);
			buildRules = (
			);
			dependencies = (
				98317CCD2D2B219A00322D04 /* PBXTargetDependency */,
			);
			name = "BugTracking-TaskUITests";
			productName = "BugTracking-TaskUITests";
			productReference = 98317CCB2D2B219A00322D04 /* BugTracking-TaskUITests.xctest */;
			productType = "com.apple.product-type.bundle.ui-testing";
		};
/* End PBXNativeTarget section */

/* Begin PBXProject section */
		98317CA92D2B219900322D04 /* Project object */ = {
			isa = PBXProject;
			attributes = {
				BuildIndependentTargetsInParallel = 1;
				LastSwiftUpdateCheck = 1520;
				LastUpgradeCheck = 1520;
				TargetAttributes = {
					98317CB02D2B219900322D04 = {
						CreatedOnToolsVersion = 15.2;
					};
					98317CC02D2B219A00322D04 = {
						CreatedOnToolsVersion = 15.2;
						TestTargetID = 98317CB02D2B219900322D04;
					};
					98317CCA2D2B219A00322D04 = {
						CreatedOnToolsVersion = 15.2;
						TestTargetID = 98317CB02D2B219900322D04;
					};
				};
			};
			buildConfigurationList = 98317CAC2D2B219900322D04 /* Build configuration list for PBXProject "BugTracking-Task" */;
			compatibilityVersion = "Xcode 14.0";
			developmentRegion = en;
			hasScannedForEncodings = 0;
			knownRegions = (
				en,
				Base,
			);
			mainGroup = 98317CA82D2B219900322D04;
			packageReferences = (
				9885A2022D2B4A8A006D4AD9 /* XCRemoteSwiftPackageReference "GoogleSignIn-iOS" */,
			);
			productRefGroup = 98317CB22D2B219900322D04 /* Products */;
			projectDirPath = "";
			projectRoot = "";
			targets = (
				98317CB02D2B219900322D04 /* BugTracking-Task */,
				98317CC02D2B219A00322D04 /* BugTracking-TaskTests */,
				98317CCA2D2B219A00322D04 /* BugTracking-TaskUITests */,
			);
		};
/* End PBXProject section */

/* Begin PBXResourcesBuildPhase section */
		98317CAF2D2B219900322D04 /* Resources */ = {
			isa = PBXResourcesBuildPhase;
			buildActionMask = 2147483647;
			files = (
				98317CBC2D2B219A00322D04 /* Preview Assets.xcassets in Resources */,
				98317CB92D2B219A00322D04 /* Assets.xcassets in Resources */,
			);
			runOnlyForDeploymentPostprocessing = 0;
		};
		98317CBF2D2B219A00322D04 /* Resources */ = {
			isa = PBXResourcesBuildPhase;
			buildActionMask = 2147483647;
			files = (
			);
			runOnlyForDeploymentPostprocessing = 0;
		};
		98317CC92D2B219A00322D04 /* Resources */ = {
			isa = PBXResourcesBuildPhase;
			buildActionMask = 2147483647;
			files = (
			);
			runOnlyForDeploymentPostprocessing = 0;
		};
/* End PBXResourcesBuildPhase section */

/* Begin PBXSourcesBuildPhase section */
		98317CAD2D2B219900322D04 /* Sources */ = {
			isa = PBXSourcesBuildPhase;
			buildActionMask = 2147483647;
			files = (
				9885A2312D2C1B87006D4AD9 /* ImgurResponse.swift in Sources */,
				9885A20C2D2B4E0A006D4AD9 /* Constants.swift in Sources */,
				9885A2222D2B6417006D4AD9 /* UIKitPresentationProvider.swift in Sources */,
				9885A2082D2B4B46006D4AD9 /* AppDelegate.swift in Sources */,
				9885A23F2D2C4CB4006D4AD9 /* GoogleSheetsModels.swift in Sources */,
				9885A2172D2B54BF006D4AD9 /* GoogleSignInUseCase.swift in Sources */,
				9885A2192D2B54EE006D4AD9 /* UseCase+Contract.swift in Sources */,
				9885A23D2D2C4AE1006D4AD9 /* GoogleSheetsEndPoint.swift in Sources */,
				9885A21B2D2B55E5006D4AD9 /* GoogleSignInRepository.swift in Sources */,
				9885A2392D2C2581006D4AD9 /* UploadImageUseCase.swift in Sources */,
				9885A2332D2C241D006D4AD9 /* ImgurRepository.swift in Sources */,
				9885A2112D2B52BF006D4AD9 /* GoogleSignInService.swift in Sources */,
				98317CB72D2B219900322D04 /* GoogleSignInView.swift in Sources */,
				9885A2372D2C24E7006D4AD9 /* ImgurUploadEndpoint.swift in Sources */,
				9885A22D2D2BF24C006D4AD9 /* HttpClient.swift in Sources */,
				9885A2252D2B6D1B006D4AD9 /* CreateBugView.swift in Sources */,
				9885A21E2D2B5A83006D4AD9 /* GoogleSignInViewModel.swift in Sources */,
				9885A2152D2B534B006D4AD9 /* GoogleSignInServiceProtocol.swift in Sources */,
				9885A20A2D2B4BC6006D4AD9 /* UserDefaultManager.swift in Sources */,
				9885A22B2D2BF1E1006D4AD9 /* EndPoint.swift in Sources */,
				9885A2462D2C5870006D4AD9 /* GoogleSheetsRepository.swift in Sources */,
				9885A2132D2B52FE006D4AD9 /* GoogleUserEntity.swift in Sources */,
				9885A23B2D2C31EB006D4AD9 /* CreateBugViewModel.swift in Sources */,
				9885A2412D2C4D27006D4AD9 /* Extension+Encodable.swift in Sources */,
				9885A2272D2BEB7C006D4AD9 /* ImagePicker.swift in Sources */,
				9885A22F2D2BF283006D4AD9 /* RequestError.swift in Sources */,
				9885A2482D2C5885006D4AD9 /* GoogleSheetsRepositoryProtocol.swift in Sources */,
				9885A24A2D2C5C8A006D4AD9 /* UploadBugDataUseCase.swift in Sources */,
				9885A2202D2B5E12006D4AD9 /* DependencyManager.swift in Sources */,
				9885A2352D2C2455006D4AD9 /* ImageRepositoryProtocol.swift in Sources */,
				9885A2292D2BF1A2006D4AD9 /* HttpMethods.swift in Sources */,
				98317CB52D2B219900322D04 /* BugTracking_TaskApp.swift in Sources */,
			);
			runOnlyForDeploymentPostprocessing = 0;
		};
		98317CBD2D2B219A00322D04 /* Sources */ = {
			isa = PBXSourcesBuildPhase;
			buildActionMask = 2147483647;
			files = (
				98317CC62D2B219A00322D04 /* BugTracking_TaskTests.swift in Sources */,
			);
			runOnlyForDeploymentPostprocessing = 0;
		};
		98317CC72D2B219A00322D04 /* Sources */ = {
			isa = PBXSourcesBuildPhase;
			buildActionMask = 2147483647;
			files = (
				98317CD02D2B219A00322D04 /* BugTracking_TaskUITests.swift in Sources */,
				98317CD22D2B219A00322D04 /* BugTracking_TaskUITestsLaunchTests.swift in Sources */,
			);
			runOnlyForDeploymentPostprocessing = 0;
		};
/* End PBXSourcesBuildPhase section */

/* Begin PBXTargetDependency section */
		98317CC32D2B219A00322D04 /* PBXTargetDependency */ = {
			isa = PBXTargetDependency;
			target = 98317CB02D2B219900322D04 /* BugTracking-Task */;
			targetProxy = 98317CC22D2B219A00322D04 /* PBXContainerItemProxy */;
		};
		98317CCD2D2B219A00322D04 /* PBXTargetDependency */ = {
			isa = PBXTargetDependency;
			target = 98317CB02D2B219900322D04 /* BugTracking-Task */;
			targetProxy = 98317CCC2D2B219A00322D04 /* PBXContainerItemProxy */;
		};
/* End PBXTargetDependency section */

/* Begin XCBuildConfiguration section */
		98317CD32D2B219A00322D04 /* Debug */ = {
			isa = XCBuildConfiguration;
			buildSettings = {
				ALWAYS_SEARCH_USER_PATHS = NO;
				ASSETCATALOG_COMPILER_GENERATE_SWIFT_ASSET_SYMBOL_EXTENSIONS = YES;
				CLANG_ANALYZER_NONNULL = YES;
				CLANG_ANALYZER_NUMBER_OBJECT_CONVERSION = YES_AGGRESSIVE;
				CLANG_CXX_LANGUAGE_STANDARD = "gnu++20";
				CLANG_ENABLE_MODULES = YES;
				CLANG_ENABLE_OBJC_ARC = YES;
				CLANG_ENABLE_OBJC_WEAK = YES;
				CLANG_WARN_BLOCK_CAPTURE_AUTORELEASING = YES;
				CLANG_WARN_BOOL_CONVERSION = YES;
				CLANG_WARN_COMMA = YES;
				CLANG_WARN_CONSTANT_CONVERSION = YES;
				CLANG_WARN_DEPRECATED_OBJC_IMPLEMENTATIONS = YES;
				CLANG_WARN_DIRECT_OBJC_ISA_USAGE = YES_ERROR;
				CLANG_WARN_DOCUMENTATION_COMMENTS = YES;
				CLANG_WARN_EMPTY_BODY = YES;
				CLANG_WARN_ENUM_CONVERSION = YES;
				CLANG_WARN_INFINITE_RECURSION = YES;
				CLANG_WARN_INT_CONVERSION = YES;
				CLANG_WARN_NON_LITERAL_NULL_CONVERSION = YES;
				CLANG_WARN_OBJC_IMPLICIT_RETAIN_SELF = YES;
				CLANG_WARN_OBJC_LITERAL_CONVERSION = YES;
				CLANG_WARN_OBJC_ROOT_CLASS = YES_ERROR;
				CLANG_WARN_QUOTED_INCLUDE_IN_FRAMEWORK_HEADER = YES;
				CLANG_WARN_RANGE_LOOP_ANALYSIS = YES;
				CLANG_WARN_STRICT_PROTOTYPES = YES;
				CLANG_WARN_SUSPICIOUS_MOVE = YES;
				CLANG_WARN_UNGUARDED_AVAILABILITY = YES_AGGRESSIVE;
				CLANG_WARN_UNREACHABLE_CODE = YES;
				CLANG_WARN__DUPLICATE_METHOD_MATCH = YES;
				COPY_PHASE_STRIP = NO;
				DEBUG_INFORMATION_FORMAT = dwarf;
				ENABLE_STRICT_OBJC_MSGSEND = YES;
				ENABLE_TESTABILITY = YES;
				ENABLE_USER_SCRIPT_SANDBOXING = YES;
				GCC_C_LANGUAGE_STANDARD = gnu17;
				GCC_DYNAMIC_NO_PIC = NO;
				GCC_NO_COMMON_BLOCKS = YES;
				GCC_OPTIMIZATION_LEVEL = 0;
				GCC_PREPROCESSOR_DEFINITIONS = (
					"DEBUG=1",
					"$(inherited)",
				);
				GCC_WARN_64_TO_32_BIT_CONVERSION = YES;
				GCC_WARN_ABOUT_RETURN_TYPE = YES_ERROR;
				GCC_WARN_UNDECLARED_SELECTOR = YES;
				GCC_WARN_UNINITIALIZED_AUTOS = YES_AGGRESSIVE;
				GCC_WARN_UNUSED_FUNCTION = YES;
				GCC_WARN_UNUSED_VARIABLE = YES;
				IPHONEOS_DEPLOYMENT_TARGET = 15.0;
				LOCALIZATION_PREFERS_STRING_CATALOGS = YES;
				MTL_ENABLE_DEBUG_INFO = INCLUDE_SOURCE;
				MTL_FAST_MATH = YES;
				ONLY_ACTIVE_ARCH = YES;
				SDKROOT = iphoneos;
				SWIFT_ACTIVE_COMPILATION_CONDITIONS = "DEBUG $(inherited)";
				SWIFT_OPTIMIZATION_LEVEL = "-Onone";
			};
			name = Debug;
		};
		98317CD42D2B219A00322D04 /* Release */ = {
			isa = XCBuildConfiguration;
			buildSettings = {
				ALWAYS_SEARCH_USER_PATHS = NO;
				ASSETCATALOG_COMPILER_GENERATE_SWIFT_ASSET_SYMBOL_EXTENSIONS = YES;
				CLANG_ANALYZER_NONNULL = YES;
				CLANG_ANALYZER_NUMBER_OBJECT_CONVERSION = YES_AGGRESSIVE;
				CLANG_CXX_LANGUAGE_STANDARD = "gnu++20";
				CLANG_ENABLE_MODULES = YES;
				CLANG_ENABLE_OBJC_ARC = YES;
				CLANG_ENABLE_OBJC_WEAK = YES;
				CLANG_WARN_BLOCK_CAPTURE_AUTORELEASING = YES;
				CLANG_WARN_BOOL_CONVERSION = YES;
				CLANG_WARN_COMMA = YES;
				CLANG_WARN_CONSTANT_CONVERSION = YES;
				CLANG_WARN_DEPRECATED_OBJC_IMPLEMENTATIONS = YES;
				CLANG_WARN_DIRECT_OBJC_ISA_USAGE = YES_ERROR;
				CLANG_WARN_DOCUMENTATION_COMMENTS = YES;
				CLANG_WARN_EMPTY_BODY = YES;
				CLANG_WARN_ENUM_CONVERSION = YES;
				CLANG_WARN_INFINITE_RECURSION = YES;
				CLANG_WARN_INT_CONVERSION = YES;
				CLANG_WARN_NON_LITERAL_NULL_CONVERSION = YES;
				CLANG_WARN_OBJC_IMPLICIT_RETAIN_SELF = YES;
				CLANG_WARN_OBJC_LITERAL_CONVERSION = YES;
				CLANG_WARN_OBJC_ROOT_CLASS = YES_ERROR;
				CLANG_WARN_QUOTED_INCLUDE_IN_FRAMEWORK_HEADER = YES;
				CLANG_WARN_RANGE_LOOP_ANALYSIS = YES;
				CLANG_WARN_STRICT_PROTOTYPES = YES;
				CLANG_WARN_SUSPICIOUS_MOVE = YES;
				CLANG_WARN_UNGUARDED_AVAILABILITY = YES_AGGRESSIVE;
				CLANG_WARN_UNREACHABLE_CODE = YES;
				CLANG_WARN__DUPLICATE_METHOD_MATCH = YES;
				COPY_PHASE_STRIP = NO;
				DEBUG_INFORMATION_FORMAT = "dwarf-with-dsym";
				ENABLE_NS_ASSERTIONS = NO;
				ENABLE_STRICT_OBJC_MSGSEND = YES;
				ENABLE_USER_SCRIPT_SANDBOXING = YES;
				GCC_C_LANGUAGE_STANDARD = gnu17;
				GCC_NO_COMMON_BLOCKS = YES;
				GCC_WARN_64_TO_32_BIT_CONVERSION = YES;
				GCC_WARN_ABOUT_RETURN_TYPE = YES_ERROR;
				GCC_WARN_UNDECLARED_SELECTOR = YES;
				GCC_WARN_UNINITIALIZED_AUTOS = YES_AGGRESSIVE;
				GCC_WARN_UNUSED_FUNCTION = YES;
				GCC_WARN_UNUSED_VARIABLE = YES;
				IPHONEOS_DEPLOYMENT_TARGET = 15.0;
				LOCALIZATION_PREFERS_STRING_CATALOGS = YES;
				MTL_ENABLE_DEBUG_INFO = NO;
				MTL_FAST_MATH = YES;
				SDKROOT = iphoneos;
				SWIFT_COMPILATION_MODE = wholemodule;
				VALIDATE_PRODUCT = YES;
			};
			name = Release;
		};
		98317CD62D2B219A00322D04 /* Debug */ = {
			isa = XCBuildConfiguration;
			buildSettings = {
				ASSETCATALOG_COMPILER_APPICON_NAME = AppIcon;
				ASSETCATALOG_COMPILER_GLOBAL_ACCENT_COLOR_NAME = AccentColor;
				CODE_SIGN_STYLE = Automatic;
				CURRENT_PROJECT_VERSION = 1;
				DEVELOPMENT_ASSET_PATHS = "\"BugTracking-Task/Preview Content\"";
				DEVELOPMENT_TEAM = U2AZ9M47KJ;
				ENABLE_PREVIEWS = YES;
				GENERATE_INFOPLIST_FILE = YES;
				INFOPLIST_FILE = "BugTracking-Task/Info.plist";
				INFOPLIST_KEY_UIApplicationSceneManifest_Generation = YES;
				INFOPLIST_KEY_UIApplicationSupportsIndirectInputEvents = YES;
				INFOPLIST_KEY_UILaunchScreen_Generation = YES;
				INFOPLIST_KEY_UISupportedInterfaceOrientations_iPad = "UIInterfaceOrientationPortrait UIInterfaceOrientationPortraitUpsideDown UIInterfaceOrientationLandscapeLeft UIInterfaceOrientationLandscapeRight";
				INFOPLIST_KEY_UISupportedInterfaceOrientations_iPhone = "UIInterfaceOrientationPortrait UIInterfaceOrientationLandscapeLeft UIInterfaceOrientationLandscapeRight";
				LD_RUNPATH_SEARCH_PATHS = (
					"$(inherited)",
					"@executable_path/Frameworks",
				);
				MARKETING_VERSION = 1.0;
				PRODUCT_BUNDLE_IDENTIFIER = personal.BugTrackingApp;
				PRODUCT_NAME = "$(TARGET_NAME)";
				SWIFT_EMIT_LOC_STRINGS = YES;
				SWIFT_VERSION = 5.0;
				TARGETED_DEVICE_FAMILY = "1,2";
			};
			name = Debug;
		};
		98317CD72D2B219A00322D04 /* Release */ = {
			isa = XCBuildConfiguration;
			buildSettings = {
				ASSETCATALOG_COMPILER_APPICON_NAME = AppIcon;
				ASSETCATALOG_COMPILER_GLOBAL_ACCENT_COLOR_NAME = AccentColor;
				CODE_SIGN_STYLE = Automatic;
				CURRENT_PROJECT_VERSION = 1;
				DEVELOPMENT_ASSET_PATHS = "\"BugTracking-Task/Preview Content\"";
				DEVELOPMENT_TEAM = U2AZ9M47KJ;
				ENABLE_PREVIEWS = YES;
				GENERATE_INFOPLIST_FILE = YES;
				INFOPLIST_FILE = "BugTracking-Task/Info.plist";
				INFOPLIST_KEY_UIApplicationSceneManifest_Generation = YES;
				INFOPLIST_KEY_UIApplicationSupportsIndirectInputEvents = YES;
				INFOPLIST_KEY_UILaunchScreen_Generation = YES;
				INFOPLIST_KEY_UISupportedInterfaceOrientations_iPad = "UIInterfaceOrientationPortrait UIInterfaceOrientationPortraitUpsideDown UIInterfaceOrientationLandscapeLeft UIInterfaceOrientationLandscapeRight";
				INFOPLIST_KEY_UISupportedInterfaceOrientations_iPhone = "UIInterfaceOrientationPortrait UIInterfaceOrientationLandscapeLeft UIInterfaceOrientationLandscapeRight";
				LD_RUNPATH_SEARCH_PATHS = (
					"$(inherited)",
					"@executable_path/Frameworks",
				);
				MARKETING_VERSION = 1.0;
				PRODUCT_BUNDLE_IDENTIFIER = personal.BugTrackingApp;
				PRODUCT_NAME = "$(TARGET_NAME)";
				SWIFT_EMIT_LOC_STRINGS = YES;
				SWIFT_VERSION = 5.0;
				TARGETED_DEVICE_FAMILY = "1,2";
			};
			name = Release;
		};
		98317CD92D2B219A00322D04 /* Debug */ = {
			isa = XCBuildConfiguration;
			buildSettings = {
				ALWAYS_EMBED_SWIFT_STANDARD_LIBRARIES = YES;
				BUNDLE_LOADER = "$(TEST_HOST)";
				CODE_SIGN_STYLE = Automatic;
				CURRENT_PROJECT_VERSION = 1;
				DEVELOPMENT_TEAM = U2AZ9M47KJ;
				GENERATE_INFOPLIST_FILE = YES;
				IPHONEOS_DEPLOYMENT_TARGET = 17.2;
				MARKETING_VERSION = 1.0;
				PRODUCT_BUNDLE_IDENTIFIER = "personal.BugTrackingApp.BugTracking-TaskTests";
				PRODUCT_NAME = "$(TARGET_NAME)";
				SWIFT_EMIT_LOC_STRINGS = NO;
				SWIFT_VERSION = 5.0;
				TARGETED_DEVICE_FAMILY = "1,2";
				TEST_HOST = "$(BUILT_PRODUCTS_DIR)/BugTracking-Task.app/$(BUNDLE_EXECUTABLE_FOLDER_PATH)/BugTracking-Task";
			};
			name = Debug;
		};
		98317CDA2D2B219A00322D04 /* Release */ = {
			isa = XCBuildConfiguration;
			buildSettings = {
				ALWAYS_EMBED_SWIFT_STANDARD_LIBRARIES = YES;
				BUNDLE_LOADER = "$(TEST_HOST)";
				CODE_SIGN_STYLE = Automatic;
				CURRENT_PROJECT_VERSION = 1;
				DEVELOPMENT_TEAM = U2AZ9M47KJ;
				GENERATE_INFOPLIST_FILE = YES;
				IPHONEOS_DEPLOYMENT_TARGET = 17.2;
				MARKETING_VERSION = 1.0;
				PRODUCT_BUNDLE_IDENTIFIER = "personal.BugTrackingApp.BugTracking-TaskTests";
				PRODUCT_NAME = "$(TARGET_NAME)";
				SWIFT_EMIT_LOC_STRINGS = NO;
				SWIFT_VERSION = 5.0;
				TARGETED_DEVICE_FAMILY = "1,2";
				TEST_HOST = "$(BUILT_PRODUCTS_DIR)/BugTracking-Task.app/$(BUNDLE_EXECUTABLE_FOLDER_PATH)/BugTracking-Task";
			};
			name = Release;
		};
		98317CDC2D2B219A00322D04 /* Debug */ = {
			isa = XCBuildConfiguration;
			buildSettings = {
				ALWAYS_EMBED_SWIFT_STANDARD_LIBRARIES = YES;
				CODE_SIGN_STYLE = Automatic;
				CURRENT_PROJECT_VERSION = 1;
				DEVELOPMENT_TEAM = U2AZ9M47KJ;
				GENERATE_INFOPLIST_FILE = YES;
				MARKETING_VERSION = 1.0;
				PRODUCT_BUNDLE_IDENTIFIER = "personal.BugTrackingApp.BugTracking-TaskUITests";
				PRODUCT_NAME = "$(TARGET_NAME)";
				SWIFT_EMIT_LOC_STRINGS = NO;
				SWIFT_VERSION = 5.0;
				TARGETED_DEVICE_FAMILY = "1,2";
				TEST_TARGET_NAME = "BugTracking-Task";
			};
			name = Debug;
		};
		98317CDD2D2B219A00322D04 /* Release */ = {
			isa = XCBuildConfiguration;
			buildSettings = {
				ALWAYS_EMBED_SWIFT_STANDARD_LIBRARIES = YES;
				CODE_SIGN_STYLE = Automatic;
				CURRENT_PROJECT_VERSION = 1;
				DEVELOPMENT_TEAM = U2AZ9M47KJ;
				GENERATE_INFOPLIST_FILE = YES;
				MARKETING_VERSION = 1.0;
				PRODUCT_BUNDLE_IDENTIFIER = "personal.BugTrackingApp.BugTracking-TaskUITests";
				PRODUCT_NAME = "$(TARGET_NAME)";
				SWIFT_EMIT_LOC_STRINGS = NO;
				SWIFT_VERSION = 5.0;
				TARGETED_DEVICE_FAMILY = "1,2";
				TEST_TARGET_NAME = "BugTracking-Task";
			};
			name = Release;
		};
/* End XCBuildConfiguration section */

/* Begin XCConfigurationList section */
		98317CAC2D2B219900322D04 /* Build configuration list for PBXProject "BugTracking-Task" */ = {
			isa = XCConfigurationList;
			buildConfigurations = (
				98317CD32D2B219A00322D04 /* Debug */,
				98317CD42D2B219A00322D04 /* Release */,
			);
			defaultConfigurationIsVisible = 0;
			defaultConfigurationName = Release;
		};
		98317CD52D2B219A00322D04 /* Build configuration list for PBXNativeTarget "BugTracking-Task" */ = {
			isa = XCConfigurationList;
			buildConfigurations = (
				98317CD62D2B219A00322D04 /* Debug */,
				98317CD72D2B219A00322D04 /* Release */,
			);
			defaultConfigurationIsVisible = 0;
			defaultConfigurationName = Release;
		};
		98317CD82D2B219A00322D04 /* Build configuration list for PBXNativeTarget "BugTracking-TaskTests" */ = {
			isa = XCConfigurationList;
			buildConfigurations = (
				98317CD92D2B219A00322D04 /* Debug */,
				98317CDA2D2B219A00322D04 /* Release */,
			);
			defaultConfigurationIsVisible = 0;
			defaultConfigurationName = Release;
		};
		98317CDB2D2B219A00322D04 /* Build configuration list for PBXNativeTarget "BugTracking-TaskUITests" */ = {
			isa = XCConfigurationList;
			buildConfigurations = (
				98317CDC2D2B219A00322D04 /* Debug */,
				98317CDD2D2B219A00322D04 /* Release */,
			);
			defaultConfigurationIsVisible = 0;
			defaultConfigurationName = Release;
		};
/* End XCConfigurationList section */

/* Begin XCRemoteSwiftPackageReference section */
		9885A2022D2B4A8A006D4AD9 /* XCRemoteSwiftPackageReference "GoogleSignIn-iOS" */ = {
			isa = XCRemoteSwiftPackageReference;
			repositoryURL = "https://github.com/google/GoogleSignIn-iOS";
			requirement = {
				kind = upToNextMajorVersion;
				minimumVersion = 8.0.0;
			};
		};
/* End XCRemoteSwiftPackageReference section */

/* Begin XCSwiftPackageProductDependency section */
		9885A2032D2B4A8A006D4AD9 /* GoogleSignIn */ = {
			isa = XCSwiftPackageProductDependency;
			package = 9885A2022D2B4A8A006D4AD9 /* XCRemoteSwiftPackageReference "GoogleSignIn-iOS" */;
			productName = GoogleSignIn;
		};
		9885A2052D2B4A8A006D4AD9 /* GoogleSignInSwift */ = {
			isa = XCSwiftPackageProductDependency;
			package = 9885A2022D2B4A8A006D4AD9 /* XCRemoteSwiftPackageReference "GoogleSignIn-iOS" */;
			productName = GoogleSignInSwift;
		};
/* End XCSwiftPackageProductDependency section */
	};
	rootObject = 98317CA92D2B219900322D04 /* Project object */;
}
