// !$*UTF8*$!
{
	archiveVersion = 1;
	classes = {
	};
	objectVersion = 56;
	objects = {

/* Begin PBXBuildFile section */
		98317CB52D2B219900322D04 /* BugTracking_TaskApp.swift in Sources */ = {isa = PBXBuildFile; fileRef = 98317CB42D2B219900322D04 /* BugTracking_TaskApp.swift */; };
		98317CB72D2B219900322D04 /* ContentView.swift in Sources */ = {isa = PBXBuildFile; fileRef = 98317CB62D2B219900322D04 /* ContentView.swift */; };
		98317CB92D2B219A00322D04 /* Assets.xcassets in Resources */ = {isa = PBXBuildFile; fileRef = 98317CB82D2B219A00322D04 /* Assets.xcassets */; };
		98317CBC2D2B219A00322D04 /* Preview Assets.xcassets in Resources */ = {isa = PBXBuildFile; fileRef = 98317CBB2D2B219A00322D04 /* Preview Assets.xcassets */; };
		98317CC62D2B219A00322D04 /* BugTracking_TaskTests.swift in Sources */ = {isa = PBXBuildFile; fileRef = 98317CC52D2B219A00322D04 /* BugTracking_TaskTests.swift */; };
		98317CD02D2B219A00322D04 /* BugTracking_TaskUITests.swift in Sources */ = {isa = PBXBuildFile; fileRef = 98317CCF2D2B219A00322D04 /* BugTracking_TaskUITests.swift */; };
		98317CD22D2B219A00322D04 /* BugTracking_TaskUITestsLaunchTests.swift in Sources */ = {isa = PBXBuildFile; fileRef = 98317CD12D2B219A00322D04 /* BugTracking_TaskUITestsLaunchTests.swift */; };
/* End PBXBuildFile section */

/* Begin PBXContainerItemProxy section */
		98317CC22D2B219A00322D04 /* PBXContainerItemProxy */ = {
			isa = PBXContainerItemProxy;
			containerPortal = 98317CA92D2B219900322D04 /* Project object */;
			proxyType = 1;
			remoteGlobalIDString = 98317CB02D2B219900322D04;
			remoteInfo = "BugTracking-Task";
		};
		98317CCC2D2B219A00322D04 /* PBXContainerItemProxy */ = {
			isa = PBXContainerItemProxy;
			containerPortal = 98317CA92D2B219900322D04 /* Project object */;
			proxyType = 1;
			remoteGlobalIDString = 98317CB02D2B219900322D04;
			remoteInfo = "BugTracking-Task";
		};
/* End PBXContainerItemProxy section */

/* Begin PBXFileReference section */
		98317CB12D2B219900322D04 /* BugTracking-Task.app */ = {isa = PBXFileReference; explicitFileType = wrapper.application; includeInIndex = 0; path = "BugTracking-Task.app"; sourceTree = BUILT_PRODUCTS_DIR; };
		98317CB42D2B219900322D04 /* BugTracking_TaskApp.swift */ = {isa = PBXFileReference; lastKnownFileType = sourcecode.swift; path = BugTracking_TaskApp.swift; sourceTree = "<group>"; };
		98317CB62D2B219900322D04 /* ContentView.swift */ = {isa = PBXFileReference; lastKnownFileType = sourcecode.swift; path = ContentView.swift; sourceTree = "<group>"; };
		98317CB82D2B219A00322D04 /* Assets.xcassets */ = {isa = PBXFileReference; lastKnownFileType = folder.assetcatalog; path = Assets.xcassets; sourceTree = "<group>"; };
		98317CBB2D2B219A00322D04 /* Preview Assets.xcassets */ = {isa = PBXFileReference; lastKnownFileType = folder.assetcatalog; path = "Preview Assets.xcassets"; sourceTree = "<group>"; };
		98317CC12D2B219A00322D04 /* BugTracking-TaskTests.xctest */ = {isa = PBXFileReference; explicitFileType = wrapper.cfbundle; includeInIndex = 0; path = "BugTracking-TaskTests.xctest"; sourceTree = BUILT_PRODUCTS_DIR; };
		98317CC52D2B219A00322D04 /* BugTracking_TaskTests.swift */ = {isa = PBXFileReference; lastKnownFileType = sourcecode.swift; path = BugTracking_TaskTests.swift; sourceTree = "<group>"; };
		98317CCB2D2B219A00322D04 /* BugTracking-TaskUITests.xctest */ = {isa = PBXFileReference; explicitFileType = wrapper.cfbundle; includeInIndex = 0; path = "BugTracking-TaskUITests.xctest"; sourceTree = BUILT_PRODUCTS_DIR; };
		98317CCF2D2B219A00322D04 /* BugTracking_TaskUITests.swift */ = {isa = PBXFileReference; lastKnownFileType = sourcecode.swift; path = BugTracking_TaskUITests.swift; sourceTree = "<group>"; };
		98317CD12D2B219A00322D04 /* BugTracking_TaskUITestsLaunchTests.swift */ = {isa = PBXFileReference; lastKnownFileType = sourcecode.swift; path = BugTracking_TaskUITestsLaunchTests.swift; sourceTree = "<group>"; };
/* End PBXFileReference section */

/* Begin PBXFrameworksBuildPhase section */
		98317CAE2D2B219900322D04 /* Frameworks */ = {
			isa = PBXFrameworksBuildPhase;
			buildActionMask = 2147483647;
			files = (
			);
			runOnlyForDeploymentPostprocessing = 0;
		};
		98317CBE2D2B219A00322D04 /* Frameworks */ = {
			isa = PBXFrameworksBuildPhase;
			buildActionMask = 2147483647;
			files = (
			);
			runOnlyForDeploymentPostprocessing = 0;
		};
		98317CC82D2B219A00322D04 /* Frameworks */ = {
			isa = PBXFrameworksBuildPhase;
			buildActionMask = 2147483647;
			files = (
			);
			runOnlyForDeploymentPostprocessing = 0;
		};
/* End PBXFrameworksBuildPhase section */

/* Begin PBXGroup section */
		98317CA82D2B219900322D04 = {
			isa = PBXGroup;
			children = (
				98317CB32D2B219900322D04 /* BugTracking-Task */,
				98317CC42D2B219A00322D04 /* BugTracking-TaskTests */,
				98317CCE2D2B219A00322D04 /* BugTracking-TaskUITests */,
				98317CB22D2B219900322D04 /* Products */,
			);
			sourceTree = "<group>";
		};
		98317CB22D2B219900322D04 /* Products */ = {
			isa = PBXGroup;
			children = (
				98317CB12D2B219900322D04 /* BugTracking-Task.app */,
				98317CC12D2B219A00322D04 /* BugTracking-TaskTests.xctest */,
				98317CCB2D2B219A00322D04 /* BugTracking-TaskUITests.xctest */,
			);
			name = Products;
			sourceTree = "<group>";
		};
		98317CB32D2B219900322D04 /* BugTracking-Task */ = {
			isa = PBXGroup;
			children = (
				98317CB42D2B219900322D04 /* BugTracking_TaskApp.swift */,
				98317CB62D2B219900322D04 /* ContentView.swift */,
				98317CB82D2B219A00322D04 /* Assets.xcassets */,
				98317CBA2D2B219A00322D04 /* Preview Content */,
			);
			path = "BugTracking-Task";
			sourceTree = "<group>";
		};
		98317CBA2D2B219A00322D04 /* Preview Content */ = {
			isa = PBXGroup;
			children = (
				98317CBB2D2B219A00322D04 /* Preview Assets.xcassets */,
			);
			path = "Preview Content";
			sourceTree = "<group>";
		};
		98317CC42D2B219A00322D04 /* BugTracking-TaskTests */ = {
			isa = PBXGroup;
			children = (
				98317CC52D2B219A00322D04 /* BugTracking_TaskTests.swift */,
			);
			path = "BugTracking-TaskTests";
			sourceTree = "<group>";
		};
		98317CCE2D2B219A00322D04 /* BugTracking-TaskUITests */ = {
			isa = PBXGroup;
			children = (
				98317CCF2D2B219A00322D04 /* BugTracking_TaskUITests.swift */,
				98317CD12D2B219A00322D04 /* BugTracking_TaskUITestsLaunchTests.swift */,
			);
			path = "BugTracking-TaskUITests";
			sourceTree = "<group>";
		};
/* End PBXGroup section */

/* Begin PBXNativeTarget section */
		98317CB02D2B219900322D04 /* BugTracking-Task */ = {
			isa = PBXNativeTarget;
			buildConfigurationList = 98317CD52D2B219A00322D04 /* Build configuration list for PBXNativeTarget "BugTracking-Task" */;
			buildPhases = (
				98317CAD2D2B219900322D04 /* Sources */,
				98317CAE2D2B219900322D04 /* Frameworks */,
				98317CAF2D2B219900322D04 /* Resources */,
			);
			buildRules = (
			);
			dependencies = (
			);
			name = "BugTracking-Task";
			productName = "BugTracking-Task";
			productReference = 98317CB12D2B219900322D04 /* BugTracking-Task.app */;
			productType = "com.apple.product-type.application";
		};
		98317CC02D2B219A00322D04 /* BugTracking-TaskTests */ = {
			isa = PBXNativeTarget;
			buildConfigurationList = 98317CD82D2B219A00322D04 /* Build configuration list for PBXNativeTarget "BugTracking-TaskTests" */;
			buildPhases = (
				98317CBD2D2B219A00322D04 /* Sources */,
				98317CBE2D2B219A00322D04 /* Frameworks */,
				98317CBF2D2B219A00322D04 /* Resources */,
			);
			buildRules = (
			);
			dependencies = (
				98317CC32D2B219A00322D04 /* PBXTargetDependency */,
			);
			name = "BugTracking-TaskTests";
			productName = "BugTracking-TaskTests";
			productReference = 98317CC12D2B219A00322D04 /* BugTracking-TaskTests.xctest */;
			productType = "com.apple.product-type.bundle.unit-test";
		};
		98317CCA2D2B219A00322D04 /* BugTracking-TaskUITests */ = {
			isa = PBXNativeTarget;
			buildConfigurationList = 98317CDB2D2B219A00322D04 /* Build configuration list for PBXNativeTarget "BugTracking-TaskUITests" */;
			buildPhases = (
				98317CC72D2B219A00322D04 /* Sources */,
				98317CC82D2B219A00322D04 /* Frameworks */,
				98317CC92D2B219A00322D04 /* Resources */,
			);
			buildRules = (
			);
			dependencies = (
				98317CCD2D2B219A00322D04 /* PBXTargetDependency */,
			);
			name = "BugTracking-TaskUITests";
			productName = "BugTracking-TaskUITests";
			productReference = 98317CCB2D2B219A00322D04 /* BugTracking-TaskUITests.xctest */;
			productType = "com.apple.product-type.bundle.ui-testing";
		};
/* End PBXNativeTarget section */

/* Begin PBXProject section */
		98317CA92D2B219900322D04 /* Project object */ = {
			isa = PBXProject;
			attributes = {
				BuildIndependentTargetsInParallel = 1;
				LastSwiftUpdateCheck = 1520;
				LastUpgradeCheck = 1520;
				TargetAttributes = {
					98317CB02D2B219900322D04 = {
						CreatedOnToolsVersion = 15.2;
					};
					98317CC02D2B219A00322D04 = {
						CreatedOnToolsVersion = 15.2;
						TestTargetID = 98317CB02D2B219900322D04;
					};
					98317CCA2D2B219A00322D04 = {
						CreatedOnToolsVersion = 15.2;
						TestTargetID = 98317CB02D2B219900322D04;
					};
				};
			};
			buildConfigurationList = 98317CAC2D2B219900322D04 /* Build configuration list for PBXProject "BugTracking-Task" */;
			compatibilityVersion = "Xcode 14.0";
			developmentRegion = en;
			hasScannedForEncodings = 0;
			knownRegions = (
				en,
				Base,
			);
			mainGroup = 98317CA82D2B219900322D04;
			productRefGroup = 98317CB22D2B219900322D04 /* Products */;
			projectDirPath = "";
			projectRoot = "";
			targets = (
				98317CB02D2B219900322D04 /* BugTracking-Task */,
				98317CC02D2B219A00322D04 /* BugTracking-TaskTests */,
				98317CCA2D2B219A00322D04 /* BugTracking-TaskUITests */,
			);
		};
/* End PBXProject section */

/* Begin PBXResourcesBuildPhase section */
		98317CAF2D2B219900322D04 /* Resources */ = {
			isa = PBXResourcesBuildPhase;
			buildActionMask = 2147483647;
			files = (
				98317CBC2D2B219A00322D04 /* Preview Assets.xcassets in Resources */,
				98317CB92D2B219A00322D04 /* Assets.xcassets in Resources */,
			);
			runOnlyForDeploymentPostprocessing = 0;
		};
		98317CBF2D2B219A00322D04 /* Resources */ = {
			isa = PBXResourcesBuildPhase;
			buildActionMask = 2147483647;
			files = (
			);
			runOnlyForDeploymentPostprocessing = 0;
		};
		98317CC92D2B219A00322D04 /* Resources */ = {
			isa = PBXResourcesBuildPhase;
			buildActionMask = 2147483647;
			files = (
			);
			runOnlyForDeploymentPostprocessing = 0;
		};
/* End PBXResourcesBuildPhase section */

/* Begin PBXSourcesBuildPhase section */
		98317CAD2D2B219900322D04 /* Sources */ = {
			isa = PBXSourcesBuildPhase;
			buildActionMask = 2147483647;
			files = (
				98317CB72D2B219900322D04 /* ContentView.swift in Sources */,
				98317CB52D2B219900322D04 /* BugTracking_TaskApp.swift in Sources */,
			);
			runOnlyForDeploymentPostprocessing = 0;
		};
		98317CBD2D2B219A00322D04 /* Sources */ = {
			isa = PBXSourcesBuildPhase;
			buildActionMask = 2147483647;
			files = (
				98317CC62D2B219A00322D04 /* BugTracking_TaskTests.swift in Sources */,
			);
			runOnlyForDeploymentPostprocessing = 0;
		};
		98317CC72D2B219A00322D04 /* Sources */ = {
			isa = PBXSourcesBuildPhase;
			buildActionMask = 2147483647;
			files = (
				98317CD02D2B219A00322D04 /* BugTracking_TaskUITests.swift in Sources */,
				98317CD22D2B219A00322D04 /* BugTracking_TaskUITestsLaunchTests.swift in Sources */,
			);
			runOnlyForDeploymentPostprocessing = 0;
		};
/* End PBXSourcesBuildPhase section */

/* Begin PBXTargetDependency section */
		98317CC32D2B219A00322D04 /* PBXTargetDependency */ = {
			isa = PBXTargetDependency;
			target = 98317CB02D2B219900322D04 /* BugTracking-Task */;
			targetProxy = 98317CC22D2B219A00322D04 /* PBXContainerItemProxy */;
		};
		98317CCD2D2B219A00322D04 /* PBXTargetDependency */ = {
			isa = PBXTargetDependency;
			target = 98317CB02D2B219900322D04 /* BugTracking-Task */;
			targetProxy = 98317CCC2D2B219A00322D04 /* PBXContainerItemProxy */;
		};
/* End PBXTargetDependency section */

/* Begin XCBuildConfiguration section */
		98317CD32D2B219A00322D04 /* Debug */ = {
			isa = XCBuildConfiguration;
			buildSettings = {
				ALWAYS_SEARCH_USER_PATHS = NO;
				ASSETCATALOG_COMPILER_GENERATE_SWIFT_ASSET_SYMBOL_EXTENSIONS = YES;
				CLANG_ANALYZER_NONNULL = YES;
				CLANG_ANALYZER_NUMBER_OBJECT_CONVERSION = YES_AGGRESSIVE;
				CLANG_CXX_LANGUAGE_STANDARD = "gnu++20";
				CLANG_ENABLE_MODULES = YES;
				CLANG_ENABLE_OBJC_ARC = YES;
				CLANG_ENABLE_OBJC_WEAK = YES;
				CLANG_WARN_BLOCK_CAPTURE_AUTORELEASING = YES;
				CLANG_WARN_BOOL_CONVERSION = YES;
				CLANG_WARN_COMMA = YES;
				CLANG_WARN_CONSTANT_CONVERSION = YES;
				CLANG_WARN_DEPRECATED_OBJC_IMPLEMENTATIONS = YES;
				CLANG_WARN_DIRECT_OBJC_ISA_USAGE = YES_ERROR;
				CLANG_WARN_DOCUMENTATION_COMMENTS = YES;
				CLANG_WARN_EMPTY_BODY = YES;
				CLANG_WARN_ENUM_CONVERSION = YES;
				CLANG_WARN_INFINITE_RECURSION = YES;
				CLANG_WARN_INT_CONVERSION = YES;
				CLANG_WARN_NON_LITERAL_NULL_CONVERSION = YES;
				CLANG_WARN_OBJC_IMPLICIT_RETAIN_SELF = YES;
				CLANG_WARN_OBJC_LITERAL_CONVERSION = YES;
				CLANG_WARN_OBJC_ROOT_CLASS = YES_ERROR;
				CLANG_WARN_QUOTED_INCLUDE_IN_FRAMEWORK_HEADER = YES;
				CLANG_WARN_RANGE_LOOP_ANALYSIS = YES;
				CLANG_WARN_STRICT_PROTOTYPES = YES;
				CLANG_WARN_SUSPICIOUS_MOVE = YES;
				CLANG_WARN_UNGUARDED_AVAILABILITY = YES_AGGRESSIVE;
				CLANG_WARN_UNREACHABLE_CODE = YES;
				CLANG_WARN__DUPLICATE_METHOD_MATCH = YES;
				COPY_PHASE_STRIP = NO;
				DEBUG_INFORMATION_FORMAT = dwarf;
				ENABLE_STRICT_OBJC_MSGSEND = YES;
				ENABLE_TESTABILITY = YES;
				ENABLE_USER_SCRIPT_SANDBOXING = YES;
				GCC_C_LANGUAGE_STANDARD = gnu17;
				GCC_DYNAMIC_NO_PIC = NO;
				GCC_NO_COMMON_BLOCKS = YES;
				GCC_OPTIMIZATION_LEVEL = 0;
				GCC_PREPROCESSOR_DEFINITIONS = (
					"DEBUG=1",
					"$(inherited)",
				);
				GCC_WARN_64_TO_32_BIT_CONVERSION = YES;
				GCC_WARN_ABOUT_RETURN_TYPE = YES_ERROR;
				GCC_WARN_UNDECLARED_SELECTOR = YES;
				GCC_WARN_UNINITIALIZED_AUTOS = YES_AGGRESSIVE;
				GCC_WARN_UNUSED_FUNCTION = YES;
				GCC_WARN_UNUSED_VARIABLE = YES;
				IPHONEOS_DEPLOYMENT_TARGET = 17.2;
				LOCALIZATION_PREFERS_STRING_CATALOGS = YES;
				MTL_ENABLE_DEBUG_INFO = INCLUDE_SOURCE;
				MTL_FAST_MATH = YES;
				ONLY_ACTIVE_ARCH = YES;
				SDKROOT = iphoneos;
				SWIFT_ACTIVE_COMPILATION_CONDITIONS = "DEBUG $(inherited)";
				SWIFT_OPTIMIZATION_LEVEL = "-Onone";
			};
			name = Debug;
		};
		98317CD42D2B219A00322D04 /* Release */ = {
			isa = XCBuildConfiguration;
			buildSettings = {
				ALWAYS_SEARCH_USER_PATHS = NO;
				ASSETCATALOG_COMPILER_GENERATE_SWIFT_ASSET_SYMBOL_EXTENSIONS = YES;
				CLANG_ANALYZER_NONNULL = YES;
				CLANG_ANALYZER_NUMBER_OBJECT_CONVERSION = YES_AGGRESSIVE;
				CLANG_CXX_LANGUAGE_STANDARD = "gnu++20";
				CLANG_ENABLE_MODULES = YES;
				CLANG_ENABLE_OBJC_ARC = YES;
				CLANG_ENABLE_OBJC_WEAK = YES;
				CLANG_WARN_BLOCK_CAPTURE_AUTORELEASING = YES;
				CLANG_WARN_BOOL_CONVERSION = YES;
				CLANG_WARN_COMMA = YES;
				CLANG_WARN_CONSTANT_CONVERSION = YES;
				CLANG_WARN_DEPRECATED_OBJC_IMPLEMENTATIONS = YES;
				CLANG_WARN_DIRECT_OBJC_ISA_USAGE = YES_ERROR;
				CLANG_WARN_DOCUMENTATION_COMMENTS = YES;
				CLANG_WARN_EMPTY_BODY = YES;
				CLANG_WARN_ENUM_CONVERSION = YES;
				CLANG_WARN_INFINITE_RECURSION = YES;
				CLANG_WARN_INT_CONVERSION = YES;
				CLANG_WARN_NON_LITERAL_NULL_CONVERSION = YES;
				CLANG_WARN_OBJC_IMPLICIT_RETAIN_SELF = YES;
				CLANG_WARN_OBJC_LITERAL_CONVERSION = YES;
				CLANG_WARN_OBJC_ROOT_CLASS = YES_ERROR;
				CLANG_WARN_QUOTED_INCLUDE_IN_FRAMEWORK_HEADER = YES;
				CLANG_WARN_RANGE_LOOP_ANALYSIS = YES;
				CLANG_WARN_STRICT_PROTOTYPES = YES;
				CLANG_WARN_SUSPICIOUS_MOVE = YES;
				CLANG_WARN_UNGUARDED_AVAILABILITY = YES_AGGRESSIVE;
				CLANG_WARN_UNREACHABLE_CODE = YES;
				CLANG_WARN__DUPLICATE_METHOD_MATCH = YES;
				COPY_PHASE_STRIP = NO;
				DEBUG_INFORMATION_FORMAT = "dwarf-with-dsym";
				ENABLE_NS_ASSERTIONS = NO;
				ENABLE_STRICT_OBJC_MSGSEND = YES;
				ENABLE_USER_SCRIPT_SANDBOXING = YES;
				GCC_C_LANGUAGE_STANDARD = gnu17;
				GCC_NO_COMMON_BLOCKS = YES;
				GCC_WARN_64_TO_32_BIT_CONVERSION = YES;
				GCC_WARN_ABOUT_RETURN_TYPE = YES_ERROR;
				GCC_WARN_UNDECLARED_SELECTOR = YES;
				GCC_WARN_UNINITIALIZED_AUTOS = YES_AGGRESSIVE;
				GCC_WARN_UNUSED_FUNCTION = YES;
				GCC_WARN_UNUSED_VARIABLE = YES;
				IPHONEOS_DEPLOYMENT_TARGET = 17.2;
				LOCALIZATION_PREFERS_STRING_CATALOGS = YES;
				MTL_ENABLE_DEBUG_INFO = NO;
				MTL_FAST_MATH = YES;
				SDKROOT = iphoneos;
				SWIFT_COMPILATION_MODE = wholemodule;
				VALIDATE_PRODUCT = YES;
			};
			name = Release;
		};
		98317CD62D2B219A00322D04 /* Debug */ = {
			isa = XCBuildConfiguration;
			buildSettings = {
				ASSETCATALOG_COMPILER_APPICON_NAME = AppIcon;
				ASSETCATALOG_COMPILER_GLOBAL_ACCENT_COLOR_NAME = AccentColor;
				CODE_SIGN_STYLE = Automatic;
				CURRENT_PROJECT_VERSION = 1;
				DEVELOPMENT_ASSET_PATHS = "\"BugTracking-Task/Preview Content\"";
				DEVELOPMENT_TEAM = U2AZ9M47KJ;
				ENABLE_PREVIEWS = YES;
				GENERATE_INFOPLIST_FILE = YES;
				INFOPLIST_KEY_UIApplicationSceneManifest_Generation = YES;
				INFOPLIST_KEY_UIApplicationSupportsIndirectInputEvents = YES;
				INFOPLIST_KEY_UILaunchScreen_Generation = YES;
				INFOPLIST_KEY_UISupportedInterfaceOrientations_iPad = "UIInterfaceOrientationPortrait UIInterfaceOrientationPortraitUpsideDown UIInterfaceOrientationLandscapeLeft UIInterfaceOrientationLandscapeRight";
				INFOPLIST_KEY_UISupportedInterfaceOrientations_iPhone = "UIInterfaceOrientationPortrait UIInterfaceOrientationLandscapeLeft UIInterfaceOrientationLandscapeRight";
				LD_RUNPATH_SEARCH_PATHS = (
					"$(inherited)",
					"@executable_path/Frameworks",
				);
				MARKETING_VERSION = 1.0;
				PRODUCT_BUNDLE_IDENTIFIER = personal.BugTrackingApp;
				PRODUCT_NAME = "$(TARGET_NAME)";
				SWIFT_EMIT_LOC_STRINGS = YES;
				SWIFT_VERSION = 5.0;
				TARGETED_DEVICE_FAMILY = "1,2";
			};
			name = Debug;
		};
		98317CD72D2B219A00322D04 /* Release */ = {
			isa = XCBuildConfiguration;
			buildSettings = {
				ASSETCATALOG_COMPILER_APPICON_NAME = AppIcon;
				ASSETCATALOG_COMPILER_GLOBAL_ACCENT_COLOR_NAME = AccentColor;
				CODE_SIGN_STYLE = Automatic;
				CURRENT_PROJECT_VERSION = 1;
				DEVELOPMENT_ASSET_PATHS = "\"BugTracking-Task/Preview Content\"";
				DEVELOPMENT_TEAM = U2AZ9M47KJ;
				ENABLE_PREVIEWS = YES;
				GENERATE_INFOPLIST_FILE = YES;
				INFOPLIST_KEY_UIApplicationSceneManifest_Generation = YES;
				INFOPLIST_KEY_UIApplicationSupportsIndirectInputEvents = YES;
				INFOPLIST_KEY_UILaunchScreen_Generation = YES;
				INFOPLIST_KEY_UISupportedInterfaceOrientations_iPad = "UIInterfaceOrientationPortrait UIInterfaceOrientationPortraitUpsideDown UIInterfaceOrientationLandscapeLeft UIInterfaceOrientationLandscapeRight";
				INFOPLIST_KEY_UISupportedInterfaceOrientations_iPhone = "UIInterfaceOrientationPortrait UIInterfaceOrientationLandscapeLeft UIInterfaceOrientationLandscapeRight";
				LD_RUNPATH_SEARCH_PATHS = (
					"$(inherited)",
					"@executable_path/Frameworks",
				);
				MARKETING_VERSION = 1.0;
				PRODUCT_BUNDLE_IDENTIFIER = personal.BugTrackingApp;
				PRODUCT_NAME = "$(TARGET_NAME)";
				SWIFT_EMIT_LOC_STRINGS = YES;
				SWIFT_VERSION = 5.0;
				TARGETED_DEVICE_FAMILY = "1,2";
			};
			name = Release;
		};
		98317CD92D2B219A00322D04 /* Debug */ = {
			isa = XCBuildConfiguration;
			buildSettings = {
				ALWAYS_EMBED_SWIFT_STANDARD_LIBRARIES = YES;
				BUNDLE_LOADER = "$(TEST_HOST)";
				CODE_SIGN_STYLE = Automatic;
				CURRENT_PROJECT_VERSION = 1;
				DEVELOPMENT_TEAM = U2AZ9M47KJ;
				GENERATE_INFOPLIST_FILE = YES;
				IPHONEOS_DEPLOYMENT_TARGET = 17.2;
				MARKETING_VERSION = 1.0;
				PRODUCT_BUNDLE_IDENTIFIER = "personal.BugTrackingApp.BugTracking-TaskTests";
				PRODUCT_NAME = "$(TARGET_NAME)";
				SWIFT_EMIT_LOC_STRINGS = NO;
				SWIFT_VERSION = 5.0;
				TARGETED_DEVICE_FAMILY = "1,2";
				TEST_HOST = "$(BUILT_PRODUCTS_DIR)/BugTracking-Task.app/$(BUNDLE_EXECUTABLE_FOLDER_PATH)/BugTracking-Task";
			};
			name = Debug;
		};
		98317CDA2D2B219A00322D04 /* Release */ = {
			isa = XCBuildConfiguration;
			buildSettings = {
				ALWAYS_EMBED_SWIFT_STANDARD_LIBRARIES = YES;
				BUNDLE_LOADER = "$(TEST_HOST)";
				CODE_SIGN_STYLE = Automatic;
				CURRENT_PROJECT_VERSION = 1;
				DEVELOPMENT_TEAM = U2AZ9M47KJ;
				GENERATE_INFOPLIST_FILE = YES;
				IPHONEOS_DEPLOYMENT_TARGET = 17.2;
				MARKETING_VERSION = 1.0;
				PRODUCT_BUNDLE_IDENTIFIER = "personal.BugTrackingApp.BugTracking-TaskTests";
				PRODUCT_NAME = "$(TARGET_NAME)";
				SWIFT_EMIT_LOC_STRINGS = NO;
				SWIFT_VERSION = 5.0;
				TARGETED_DEVICE_FAMILY = "1,2";
				TEST_HOST = "$(BUILT_PRODUCTS_DIR)/BugTracking-Task.app/$(BUNDLE_EXECUTABLE_FOLDER_PATH)/BugTracking-Task";
			};
			name = Release;
		};
		98317CDC2D2B219A00322D04 /* Debug */ = {
			isa = XCBuildConfiguration;
			buildSettings = {
				ALWAYS_EMBED_SWIFT_STANDARD_LIBRARIES = YES;
				CODE_SIGN_STYLE = Automatic;
				CURRENT_PROJECT_VERSION = 1;
				DEVELOPMENT_TEAM = U2AZ9M47KJ;
				GENERATE_INFOPLIST_FILE = YES;
				MARKETING_VERSION = 1.0;
				PRODUCT_BUNDLE_IDENTIFIER = "personal.BugTrackingApp.BugTracking-TaskUITests";
				PRODUCT_NAME = "$(TARGET_NAME)";
				SWIFT_EMIT_LOC_STRINGS = NO;
				SWIFT_VERSION = 5.0;
				TARGETED_DEVICE_FAMILY = "1,2";
				TEST_TARGET_NAME = "BugTracking-Task";
			};
			name = Debug;
		};
		98317CDD2D2B219A00322D04 /* Release */ = {
			isa = XCBuildConfiguration;
			buildSettings = {
				ALWAYS_EMBED_SWIFT_STANDARD_LIBRARIES = YES;
				CODE_SIGN_STYLE = Automatic;
				CURRENT_PROJECT_VERSION = 1;
				DEVELOPMENT_TEAM = U2AZ9M47KJ;
				GENERATE_INFOPLIST_FILE = YES;
				MARKETING_VERSION = 1.0;
				PRODUCT_BUNDLE_IDENTIFIER = "personal.BugTrackingApp.BugTracking-TaskUITests";
				PRODUCT_NAME = "$(TARGET_NAME)";
				SWIFT_EMIT_LOC_STRINGS = NO;
				SWIFT_VERSION = 5.0;
				TARGETED_DEVICE_FAMILY = "1,2";
				TEST_TARGET_NAME = "BugTracking-Task";
			};
			name = Release;
		};
/* End XCBuildConfiguration section */

/* Begin XCConfigurationList section */
		98317CAC2D2B219900322D04 /* Build configuration list for PBXProject "BugTracking-Task" */ = {
			isa = XCConfigurationList;
			buildConfigurations = (
				98317CD32D2B219A00322D04 /* Debug */,
				98317CD42D2B219A00322D04 /* Release */,
			);
			defaultConfigurationIsVisible = 0;
			defaultConfigurationName = Release;
		};
		98317CD52D2B219A00322D04 /* Build configuration list for PBXNativeTarget "BugTracking-Task" */ = {
			isa = XCConfigurationList;
			buildConfigurations = (
				98317CD62D2B219A00322D04 /* Debug */,
				98317CD72D2B219A00322D04 /* Release */,
			);
			defaultConfigurationIsVisible = 0;
			defaultConfigurationName = Release;
		};
		98317CD82D2B219A00322D04 /* Build configuration list for PBXNativeTarget "BugTracking-TaskTests" */ = {
			isa = XCConfigurationList;
			buildConfigurations = (
				98317CD92D2B219A00322D04 /* Debug */,
				98317CDA2D2B219A00322D04 /* Release */,
			);
			defaultConfigurationIsVisible = 0;
			defaultConfigurationName = Release;
		};
		98317CDB2D2B219A00322D04 /* Build configuration list for PBXNativeTarget "BugTracking-TaskUITests" */ = {
			isa = XCConfigurationList;
			buildConfigurations = (
				98317CDC2D2B219A00322D04 /* Debug */,
				98317CDD2D2B219A00322D04 /* Release */,
			);
			defaultConfigurationIsVisible = 0;
			defaultConfigurationName = Release;
		};
/* End XCConfigurationList section */
	};
	rootObject = 98317CA92D2B219900322D04 /* Project object */;
}
